{
  "name": "cll",
  "version": "1.0.0",
  "lockfileVersion": 1,
  "requires": true,
  "dependencies": {
    "htmldiff-js": {
      "version": "1.0.5",
      "resolved": "https://registry.npmjs.org/htmldiff-js/-/htmldiff-js-1.0.5.tgz",
      "integrity": "sha512-rmow9353OK0elkub15Sbze8Nj7BYfduqoJJw4yEvHHjOcHeCazNPk0PoUbjE8SvxKgjymeRIFU/OnS8jtitRtA=="
    }
  }
}
